
Microsoft Visual Studio Solution File, Format Version 12.00
# Visual Studio Version 16
VisualStudioVersion = 16.0.30907.101
MinimumVisualStudioVersion = 10.0.40219.1
Project("{FAE04EC0-301F-11D3-BF4B-00C04F79EFBC}") = "Ladeskab", "Ladeskab\Ladeskab.csproj", "{4EF89F49-D9E6-4D0F-938A-387B707F8318}"
EndProject
Global
	GlobalSection(SolutionConfigurationPlatforms) = preSolution
		Debug|Any CPU = Debug|Any CPU
		Release|Any CPU = Release|Any CPU
	EndGlobalSection
	GlobalSection(ProjectConfigurationPlatforms) = postSolution
		{4EF89F49-D9E6-4D0F-938A-387B707F8318}.Debug|Any CPU.ActiveCfg = Debug|Any CPU
		{4EF89F49-D9E6-4D0F-938A-387B707F8318}.Debug|Any CPU.Build.0 = Debug|Any CPU
		{4EF89F49-D9E6-4D0F-938A-387B707F8318}.Release|Any CPU.ActiveCfg = Release|Any CPU
		{4EF89F49-D9E6-4D0F-938A-387B707F8318}.Release|Any CPU.Build.0 = Release|Any CPU
	EndGlobalSection
	GlobalSection(SolutionProperties) = preSolution
		HideSolutionNode = FALSE
	EndGlobalSection
	GlobalSection(ExtensibilityGlobals) = postSolution
		SolutionGuid = {055CB6FB-CF0C-488F-9422-D847C15F04BB}
	EndGlobalSection
EndGlobal
